
Microsoft Visual Studio Solution File, Format Version 12.00
# Visual Studio Version 17
VisualStudioVersion = 17.5.33516.290
MinimumVisualStudioVersion = 10.0.40219.1
Project("{FAE04EC0-301F-11D3-BF4B-00C04F79EFBC}") = "SchoolKeep", "SchoolKeep.csproj", "{D86961FC-F07F-451C-8D6B-82FFF41F59B4}"
EndProject
Global
	GlobalSection(SolutionConfigurationPlatforms) = preSolution
		Debug|Any CPU = Debug|Any CPU
		Release|Any CPU = Release|Any CPU
	EndGlobalSection
	GlobalSection(ProjectConfigurationPlatforms) = postSolution
		{D86961FC-F07F-451C-8D6B-82FFF41F59B4}.Debug|Any CPU.ActiveCfg = Debug|Any CPU
		{D86961FC-F07F-451C-8D6B-82FFF41F59B4}.Debug|Any CPU.Build.0 = Debug|Any CPU
		{D86961FC-F07F-451C-8D6B-82FFF41F59B4}.Release|Any CPU.ActiveCfg = Release|Any CPU
		{D86961FC-F07F-451C-8D6B-82FFF41F59B4}.Release|Any CPU.Build.0 = Release|Any CPU
	EndGlobalSection
	GlobalSection(SolutionProperties) = preSolution
		HideSolutionNode = FALSE
	EndGlobalSection
	GlobalSection(ExtensibilityGlobals) = postSolution
		SolutionGuid = {8F323516-5AEE-40A6-A0EB-78B17F3B6B0B}
	EndGlobalSection
EndGlobal
